lockfile_version: '1'
generated_at: '2026-07-07T08:33:58.907199+00:00'
apm_version: 0.24.0
dependencies:
- repo_url: JuliusBrussee/caveman
  name: caveman
  host: github.com
  resolved_commit: 0d95a81d35a9f2d123a5e9430d1cfc43d55f1bb0
  version: 0d95a81
  package_type: marketplace_plugin
  deployed_files:
  - .agents/skills/cavecrew
  - .agents/skills/cavecrew/README.md
  - .agents/skills/cavecrew/SKILL.md
  - .agents/skills/caveman
  - .agents/skills/caveman-commit
  - .agents/skills/caveman-commit/README.md
  - .agents/skills/caveman-commit/SKILL.md
  - .agents/skills/caveman-compress
  - .agents/skills/caveman-compress/README.md
  - .agents/skills/caveman-compress/SECURITY.md
  - .agents/skills/caveman-compress/SKILL.md
  - .agents/skills/caveman-compress/scripts/__init__.py
  - .agents/skills/caveman-compress/scripts/__main__.py
  - .agents/skills/caveman-compress/scripts/benchmark.py
  - .agents/skills/caveman-compress/scripts/cli.py
  - .agents/skills/caveman-compress/scripts/compress.py
  - .agents/skills/caveman-compress/scripts/detect.py
  - .agents/skills/caveman-compress/scripts/validate.py
  - .agents/skills/caveman-help
  - .agents/skills/caveman-help/README.md
  - .agents/skills/caveman-help/SKILL.md
  - .agents/skills/caveman-review
  - .agents/skills/caveman-review/README.md
  - .agents/skills/caveman-review/SKILL.md
  - .agents/skills/caveman-stats
  - .agents/skills/caveman-stats/README.md
  - .agents/skills/caveman-stats/SKILL.md
  - .agents/skills/caveman/README.md
  - .agents/skills/caveman/SKILL.md
  - .claude/agents/cavecrew-builder.md
  - .claude/agents/cavecrew-investigator.md
  - .claude/agents/cavecrew-reviewer.md
  - .claude/commands/caveman-commit.md
  - .claude/commands/caveman-init.md
  - .claude/commands/caveman-review.md
  - .claude/commands/caveman-stats.md
  - .claude/commands/caveman.md
  - .claude/hooks/caveman/src/hooks/README.md
  - .claude/hooks/caveman/src/hooks/cavecrew-model-overrides.js
  - .claude/hooks/caveman/src/hooks/caveman-activate.js
  - .claude/hooks/caveman/src/hooks/caveman-config.js
  - .claude/hooks/caveman/src/hooks/caveman-mode-tracker.js
  - .claude/hooks/caveman/src/hooks/caveman-stats.js
  - .claude/hooks/caveman/src/hooks/caveman-statusline.ps1
  - .claude/hooks/caveman/src/hooks/caveman-statusline.sh
  - .claude/hooks/caveman/src/hooks/checksums.sha256
  - .claude/hooks/caveman/src/hooks/install.ps1
  - .claude/hooks/caveman/src/hooks/install.sh
  - .claude/hooks/caveman/src/hooks/package.json
  - .claude/hooks/caveman/src/hooks/uninstall.ps1
  - .claude/hooks/caveman/src/hooks/uninstall.sh
  - .claude/skills/cavecrew
  - .claude/skills/cavecrew/README.md
  - .claude/skills/cavecrew/SKILL.md
  - .claude/skills/caveman
  - .claude/skills/caveman-commit
  - .claude/skills/caveman-commit/README.md
  - .claude/skills/caveman-commit/SKILL.md
  - .claude/skills/caveman-compress
  - .claude/skills/caveman-compress/README.md
  - .claude/skills/caveman-compress/SECURITY.md
  - .claude/skills/caveman-compress/SKILL.md
  - .claude/skills/caveman-compress/scripts/__init__.py
  - .claude/skills/caveman-compress/scripts/__main__.py
  - .claude/skills/caveman-compress/scripts/benchmark.py
  - .claude/skills/caveman-compress/scripts/cli.py
  - .claude/skills/caveman-compress/scripts/compress.py
  - .claude/skills/caveman-compress/scripts/detect.py
  - .claude/skills/caveman-compress/scripts/validate.py
  - .claude/skills/caveman-help
  - .claude/skills/caveman-help/README.md
  - .claude/skills/caveman-help/SKILL.md
  - .claude/skills/caveman-review
  - .claude/skills/caveman-review/README.md
  - .claude/skills/caveman-review/SKILL.md
  - .claude/skills/caveman-stats
  - .claude/skills/caveman-stats/README.md
  - .claude/skills/caveman-stats/SKILL.md
  - .claude/skills/caveman/README.md
  - .claude/skills/caveman/SKILL.md
  - .github/agents/cavecrew-builder.agent.md
  - .github/agents/cavecrew-investigator.agent.md
  - .github/agents/cavecrew-reviewer.agent.md
  - .github/hooks/caveman-hooks.json
  - .github/hooks/scripts/caveman/src/hooks/README.md
  - .github/hooks/scripts/caveman/src/hooks/cavecrew-model-overrides.js
  - .github/hooks/scripts/caveman/src/hooks/caveman-activate.js
  - .github/hooks/scripts/caveman/src/hooks/caveman-config.js
  - .github/hooks/scripts/caveman/src/hooks/caveman-mode-tracker.js
  - .github/hooks/scripts/caveman/src/hooks/caveman-stats.js
  - .github/hooks/scripts/caveman/src/hooks/caveman-statusline.ps1
  - .github/hooks/scripts/caveman/src/hooks/caveman-statusline.sh
  - .github/hooks/scripts/caveman/src/hooks/checksums.sha256
  - .github/hooks/scripts/caveman/src/hooks/install.ps1
  - .github/hooks/scripts/caveman/src/hooks/install.sh
  - .github/hooks/scripts/caveman/src/hooks/package.json
  - .github/hooks/scripts/caveman/src/hooks/uninstall.ps1
  - .github/hooks/scripts/caveman/src/hooks/uninstall.sh
  - .github/prompts/caveman-commit.prompt.md
  - .github/prompts/caveman-init.prompt.md
  - .github/prompts/caveman-review.prompt.md
  - .github/prompts/caveman-stats.prompt.md
  - .github/prompts/caveman.prompt.md
  deployed_file_hashes:
    .agents/skills/cavecrew/README.md: sha256:b278ae1b9d609566e43e0f403649f1a653ee81b3ff3648687ed1d1cd4b110f3a
    .agents/skills/cavecrew/SKILL.md: sha256:b74f374f6aae6e9a31e78e7d876860406fe5833378e9298536edf176c12f379b
    .agents/skills/caveman-commit/README.md: sha256:62430c921f9cec4aba1d9348609cf80dc9ce031af3e7b7030387306f8c1b5f03
    .agents/skills/caveman-commit/SKILL.md: sha256:58db7b8efab911a629c26e7132517d9076e4e3645009eb604cb8c25663477841
    .agents/skills/caveman-compress/README.md: sha256:dd772fc8791ea5bd6041e441f91ff355392d4f30c9f56310be7f4bc6cdaf5126
    .agents/skills/caveman-compress/SECURITY.md: sha256:ac3432493cfe71368a141f437bf35562eb8f4ce07ae699e5399c0cb665e02da3
    .agents/skills/caveman-compress/SKILL.md: sha256:8b0d64c622d8a70411bbd86e736ac23cc0465fca1943a37f081e58e9d3afd210
    .agents/skills/caveman-compress/scripts/__init__.py: sha256:429c3e1c5cc5b9705f28d77f303c728304ae68693913ad3d5ce9b5a44c8ee40f
    .agents/skills/caveman-compress/scripts/__main__.py: sha256:6d8b7d7846a845059d7a3107143f11131f63c5511d669b44085b15ec5e3d2279
    .agents/skills/caveman-compress/scripts/benchmark.py: sha256:84a5a94bebcce03c9dc4a70333f120f03e11075bce9298e1e74b95594e142d43
    .agents/skills/caveman-compress/scripts/cli.py: sha256:17edb6b425adc0ea04e35f1e90dfe318ba4232a1b815c5ff7d6cff7d574efea6
    .agents/skills/caveman-compress/scripts/compress.py: sha256:9537671f5b8bf81bfe99078666948a93b5a5f1ae07d2f7bc3f085fe1a6b408c0
    .agents/skills/caveman-compress/scripts/detect.py: sha256:46bb2b3092c2896eec023135495923701716c586b370976f244674342dd9a35e
    .agents/skills/caveman-compress/scripts/validate.py: sha256:8b9e752b70868f6e03b3d7e76de19dd6b4ac92dad50522992738340e9916dc0d
    .agents/skills/caveman-help/README.md: sha256:1f7a9bfe9614d948c56ecfe630e100611e3f28231768bc9393415d3c1d30e860
    .agents/skills/caveman-help/SKILL.md: sha256:590d6c6c17254bda56d18da7cc9d0bf252aeec5d1c78b77dd7ae4cabb8404f89
    .agents/skills/caveman-review/README.md: sha256:fbec76fe79bb90541a3b6fd2867ce10574ca8e1fdac34958e55790177e692b88
    .agents/skills/caveman-review/SKILL.md: sha256:9ef09065f26b9781275b5a4775e14870e331fab833efb2a2aa33f3205a2b83c3
    .agents/skills/caveman-stats/README.md: sha256:1524c26c7e9f836081bf3bab8c7ffcd93b154a4f1aa905454791571b24ef3d3b
    .agents/skills/caveman-stats/SKILL.md: sha256:b9e49e46ede956e0c1633eae82a695c996f728bc48f3903f001d301068a2b0ea
    .agents/skills/caveman/README.md: sha256:b42e4bb26e14d7ae97f36fdf71c4f100ab25945c36ac12ee31efc27cdd90d309
    .agents/skills/caveman/SKILL.md: sha256:5e30bb56afbd0b01bd736f2da84180e76f18db4a64de8e124525d5c8dc2e8605
    .claude/agents/cavecrew-builder.md: sha256:135af639b287ed7534b66d01390c4dc48d98683af52232728a0e87db9c558b3e
    .claude/agents/cavecrew-investigator.md: sha256:f1ce01150aeeec7de98d487f41693d27eba1bc9d4cc67f4c774675bb21c24fc2
    .claude/agents/cavecrew-reviewer.md: sha256:ae45346edae2cdb97018a38ebdcb79b162c59875cac2921d976a7d7540e4df70
    .claude/commands/caveman-commit.md: sha256:8181f37ceeb9b677c6d69b4eda8d4c77a38542fd33834f3afdc1e8929275cd1a
    .claude/commands/caveman-init.md: sha256:f1eedd94054eaffde55bc239b20a5cd58815e114659f8e120d397b137727c02f
    .claude/commands/caveman-review.md: sha256:afa0aae317741ce354fb6a1a50ce8374e27755b1516000019df5d043a53366bc
    .claude/commands/caveman-stats.md: sha256:b2ed1458379003e4157d24be360e34fd2f2c3f49ade278df390de0df6df7339b
    .claude/commands/caveman.md: sha256:ad76d3c75aed39f83efc5ab08b6f204ddc9b7cdda4fb56f60b6151ffc5d18b5b
    .claude/hooks/caveman/src/hooks/README.md: sha256:2ed93bffa47ef4109e437a3aa612903f5e53e4392de7195d37f24a1dbd5e42fd
    .claude/hooks/caveman/src/hooks/cavecrew-model-overrides.js: sha256:9f2601e8551653609f0b9d700c9bd75bffa43747d2db18ffe83fb73de5dc3607
    .claude/hooks/caveman/src/hooks/caveman-activate.js: sha256:bc0af3ba327657630e5f6c60be619e6b5394bf03edc29b1384a15f09a1b348bf
    .claude/hooks/caveman/src/hooks/caveman-config.js: sha256:f47fe2e6440578eeb20408bc3131b63fb8e1ae4f6ea26dbdcca33e7901e5ee8c
    .claude/hooks/caveman/src/hooks/caveman-mode-tracker.js: sha256:3e34f004d4a9e65609f8c95b47dfe5f0e3a6f2d16b88c7f8af730187ee2fb246
    .claude/hooks/caveman/src/hooks/caveman-stats.js: sha256:433a345a279c2d54be51864ef77c0a7b19d0f8604b9a441ce0a1eded31f113e8
    .claude/hooks/caveman/src/hooks/caveman-statusline.ps1: sha256:1690c639f05940cbff39e0383a27053898b30c224aa651043db29b2842cb524a
    .claude/hooks/caveman/src/hooks/caveman-statusline.sh: sha256:d2deff457d0a5d8e1848193e6af6a68a0ebdba4fbdf250889400d5ea231e088f
    .claude/hooks/caveman/src/hooks/checksums.sha256: sha256:05b087d6db80dc58cb81ecd83374a008fd14f9de159e4cfe7771bc738ca6afe3
    .claude/hooks/caveman/src/hooks/install.ps1: sha256:cc439e2f05564de875f24b917a7fe129e3a664be9e2a9f990ac0622d653b31fa
    .claude/hooks/caveman/src/hooks/install.sh: sha256:495faef6caf9d63cfb30226f3fef6a252a2c47d16c0264af0126e92b18408a94
    .claude/hooks/caveman/src/hooks/package.json: sha256:8005a3491db7d92f36ac66369861589f9c47123d3a7c71e643fc2c06168cd45a
    .claude/hooks/caveman/src/hooks/uninstall.ps1: sha256:1db7be0695faaefefbcd6a6cdb1689efdd4da0a813b41e57bc6948c8cde0c2b7
    .claude/hooks/caveman/src/hooks/uninstall.sh: sha256:ba47365cfb88ed35a481ad75534410548a4c79c0d47dd146ea424e6e1dea4879
    .claude/skills/cavecrew/README.md: sha256:b278ae1b9d609566e43e0f403649f1a653ee81b3ff3648687ed1d1cd4b110f3a
    .claude/skills/cavecrew/SKILL.md: sha256:b74f374f6aae6e9a31e78e7d876860406fe5833378e9298536edf176c12f379b
    .claude/skills/caveman-commit/README.md: sha256:62430c921f9cec4aba1d9348609cf80dc9ce031af3e7b7030387306f8c1b5f03
    .claude/skills/caveman-commit/SKILL.md: sha256:58db7b8efab911a629c26e7132517d9076e4e3645009eb604cb8c25663477841
    .claude/skills/caveman-compress/README.md: sha256:dd772fc8791ea5bd6041e441f91ff355392d4f30c9f56310be7f4bc6cdaf5126
    .claude/skills/caveman-compress/SECURITY.md: sha256:ac3432493cfe71368a141f437bf35562eb8f4ce07ae699e5399c0cb665e02da3
    .claude/skills/caveman-compress/SKILL.md: sha256:8b0d64c622d8a70411bbd86e736ac23cc0465fca1943a37f081e58e9d3afd210
    .claude/skills/caveman-compress/scripts/__init__.py: sha256:429c3e1c5cc5b9705f28d77f303c728304ae68693913ad3d5ce9b5a44c8ee40f
    .claude/skills/caveman-compress/scripts/__main__.py: sha256:6d8b7d7846a845059d7a3107143f11131f63c5511d669b44085b15ec5e3d2279
    .claude/skills/caveman-compress/scripts/benchmark.py: sha256:84a5a94bebcce03c9dc4a70333f120f03e11075bce9298e1e74b95594e142d43
    .claude/skills/caveman-compress/scripts/cli.py: sha256:17edb6b425adc0ea04e35f1e90dfe318ba4232a1b815c5ff7d6cff7d574efea6
    .claude/skills/caveman-compress/scripts/compress.py: sha256:9537671f5b8bf81bfe99078666948a93b5a5f1ae07d2f7bc3f085fe1a6b408c0
    .claude/skills/caveman-compress/scripts/detect.py: sha256:46bb2b3092c2896eec023135495923701716c586b370976f244674342dd9a35e
    .claude/skills/caveman-compress/scripts/validate.py: sha256:8b9e752b70868f6e03b3d7e76de19dd6b4ac92dad50522992738340e9916dc0d
    .claude/skills/caveman-help/README.md: sha256:1f7a9bfe9614d948c56ecfe630e100611e3f28231768bc9393415d3c1d30e860
    .claude/skills/caveman-help/SKILL.md: sha256:590d6c6c17254bda56d18da7cc9d0bf252aeec5d1c78b77dd7ae4cabb8404f89
    .claude/skills/caveman-review/README.md: sha256:fbec76fe79bb90541a3b6fd2867ce10574ca8e1fdac34958e55790177e692b88
    .claude/skills/caveman-review/SKILL.md: sha256:9ef09065f26b9781275b5a4775e14870e331fab833efb2a2aa33f3205a2b83c3
    .claude/skills/caveman-stats/README.md: sha256:1524c26c7e9f836081bf3bab8c7ffcd93b154a4f1aa905454791571b24ef3d3b
    .claude/skills/caveman-stats/SKILL.md: sha256:b9e49e46ede956e0c1633eae82a695c996f728bc48f3903f001d301068a2b0ea
    .claude/skills/caveman/README.md: sha256:b42e4bb26e14d7ae97f36fdf71c4f100ab25945c36ac12ee31efc27cdd90d309
    .claude/skills/caveman/SKILL.md: sha256:5e30bb56afbd0b01bd736f2da84180e76f18db4a64de8e124525d5c8dc2e8605
    .github/agents/cavecrew-builder.agent.md: sha256:135af639b287ed7534b66d01390c4dc48d98683af52232728a0e87db9c558b3e
    .github/agents/cavecrew-investigator.agent.md: sha256:f1ce01150aeeec7de98d487f41693d27eba1bc9d4cc67f4c774675bb21c24fc2
    .github/agents/cavecrew-reviewer.agent.md: sha256:ae45346edae2cdb97018a38ebdcb79b162c59875cac2921d976a7d7540e4df70
    .github/hooks/caveman-hooks.json: sha256:4cc7c8b2dbaafab507a19d0666f2dfd932018b018d87652b6e3b43f89a7c79a2
    .github/hooks/scripts/caveman/src/hooks/README.md: sha256:2ed93bffa47ef4109e437a3aa612903f5e53e4392de7195d37f24a1dbd5e42fd
    .github/hooks/scripts/caveman/src/hooks/cavecrew-model-overrides.js: sha256:9f2601e8551653609f0b9d700c9bd75bffa43747d2db18ffe83fb73de5dc3607
    .github/hooks/scripts/caveman/src/hooks/caveman-activate.js: sha256:bc0af3ba327657630e5f6c60be619e6b5394bf03edc29b1384a15f09a1b348bf
    .github/hooks/scripts/caveman/src/hooks/caveman-config.js: sha256:f47fe2e6440578eeb20408bc3131b63fb8e1ae4f6ea26dbdcca33e7901e5ee8c
    .github/hooks/scripts/caveman/src/hooks/caveman-mode-tracker.js: sha256:3e34f004d4a9e65609f8c95b47dfe5f0e3a6f2d16b88c7f8af730187ee2fb246
    .github/hooks/scripts/caveman/src/hooks/caveman-stats.js: sha256:433a345a279c2d54be51864ef77c0a7b19d0f8604b9a441ce0a1eded31f113e8
    .github/hooks/scripts/caveman/src/hooks/caveman-statusline.ps1: sha256:1690c639f05940cbff39e0383a27053898b30c224aa651043db29b2842cb524a
    .github/hooks/scripts/caveman/src/hooks/caveman-statusline.sh: sha256:d2deff457d0a5d8e1848193e6af6a68a0ebdba4fbdf250889400d5ea231e088f
    .github/hooks/scripts/caveman/src/hooks/checksums.sha256: sha256:05b087d6db80dc58cb81ecd83374a008fd14f9de159e4cfe7771bc738ca6afe3
    .github/hooks/scripts/caveman/src/hooks/install.ps1: sha256:cc439e2f05564de875f24b917a7fe129e3a664be9e2a9f990ac0622d653b31fa
    .github/hooks/scripts/caveman/src/hooks/install.sh: sha256:495faef6caf9d63cfb30226f3fef6a252a2c47d16c0264af0126e92b18408a94
    .github/hooks/scripts/caveman/src/hooks/package.json: sha256:8005a3491db7d92f36ac66369861589f9c47123d3a7c71e643fc2c06168cd45a
    .github/hooks/scripts/caveman/src/hooks/uninstall.ps1: sha256:1db7be0695faaefefbcd6a6cdb1689efdd4da0a813b41e57bc6948c8cde0c2b7
    .github/hooks/scripts/caveman/src/hooks/uninstall.sh: sha256:ba47365cfb88ed35a481ad75534410548a4c79c0d47dd146ea424e6e1dea4879
    .github/prompts/caveman-commit.prompt.md: sha256:6dfa36fd6fda22c98fba37894c86e9d679ec224285aca19ba94efa28ecad93e5
    .github/prompts/caveman-init.prompt.md: sha256:ebdbcd45dc7dff00e4d1de30714c279ccde98468f77a6dc7681ee6975d35a806
    .github/prompts/caveman-review.prompt.md: sha256:965a23a5521e64e0892d9b8da72aba1b33e541e9b6cabb85ad19e865daab60fc
    .github/prompts/caveman-stats.prompt.md: sha256:572d9ddcecdb80c405b16cb46749331c9b5b2b22c6b413e8d2bb1f3078a3ba68
    .github/prompts/caveman.prompt.md: sha256:c27ca36f189e329a891e7350360bcaff3aeaa8e6fe6cd64cbdda42cfb598893f
  content_hash: sha256:f97f0c9c78157bf4176f7ff69b93ea3631c21103e803eeb71fe0f786efb50996
- repo_url: _local/apm
  name: apm
  version: 1.0.0
  package_type: apm_package
  deployed_files:
  - .agents/skills/apm-audit-security
  - .agents/skills/apm-audit-security/SKILL.md
  - .agents/skills/apm-author-marketplace
  - .agents/skills/apm-author-marketplace/SKILL.md
  - .agents/skills/apm-author-primitive
  - .agents/skills/apm-author-primitive/SKILL.md
  - .agents/skills/apm-install-deps
  - .agents/skills/apm-install-deps/SKILL.md
  - .agents/skills/apm-package-init
  - .agents/skills/apm-package-init/SKILL.md
  - .claude/rules/apm.md
  - .claude/skills/apm-audit-security
  - .claude/skills/apm-audit-security/SKILL.md
  - .claude/skills/apm-author-marketplace
  - .claude/skills/apm-author-marketplace/SKILL.md
  - .claude/skills/apm-author-primitive
  - .claude/skills/apm-author-primitive/SKILL.md
  - .claude/skills/apm-install-deps
  - .claude/skills/apm-install-deps/SKILL.md
  - .claude/skills/apm-package-init
  - .claude/skills/apm-package-init/SKILL.md
  - .github/instructions/apm.instructions.md
  deployed_file_hashes:
    .agents/skills/apm-audit-security/SKILL.md: sha256:31d73caa092cae2557ac5836ec7ff75df86bbbb40f7f09c785b6e0174ee9bba1
    .agents/skills/apm-author-marketplace/SKILL.md: sha256:bd40c6d7dd5ac1c568bd3da04bbf9d35d73b526e4c76558230b07c5dfd0dbdac
    .agents/skills/apm-author-primitive/SKILL.md: sha256:5180c4db28dfb11eb57fd1b9390c46bc507865609566bca09b4424b6216896df
    .agents/skills/apm-install-deps/SKILL.md: sha256:80ebfe83604c864cb47fb344cf80afa30bce7705905559db660e019189e8d23c
    .agents/skills/apm-package-init/SKILL.md: sha256:5ea2c7ac46c273c4bc624701b40b3a63748b284185643a0fb0b95d57486e46af
    .claude/rules/apm.md: sha256:12702fef3ab1fbe19f5f074f51093d6f6f963fb6d0a781218d8b9dd0ed58f097
    .claude/skills/apm-audit-security/SKILL.md: sha256:31d73caa092cae2557ac5836ec7ff75df86bbbb40f7f09c785b6e0174ee9bba1
    .claude/skills/apm-author-marketplace/SKILL.md: sha256:bd40c6d7dd5ac1c568bd3da04bbf9d35d73b526e4c76558230b07c5dfd0dbdac
    .claude/skills/apm-author-primitive/SKILL.md: sha256:5180c4db28dfb11eb57fd1b9390c46bc507865609566bca09b4424b6216896df
    .claude/skills/apm-install-deps/SKILL.md: sha256:80ebfe83604c864cb47fb344cf80afa30bce7705905559db660e019189e8d23c
    .claude/skills/apm-package-init/SKILL.md: sha256:5ea2c7ac46c273c4bc624701b40b3a63748b284185643a0fb0b95d57486e46af
    .github/instructions/apm.instructions.md: sha256:ebbe56e2422e0f4db5a819c91e61faba84870ed0db68d594fc5b69158fcd0519
  source: local
  local_path: ./packages/apm
  is_dev: true
- repo_url: _local/sdd
  name: sdd
  version: 1.0.0
  package_type: apm_package
  deployed_files:
  - .agents/skills/context-engineering
  - .agents/skills/context-engineering/SKILL.md
  - .agents/skills/incremental-implementation
  - .agents/skills/incremental-implementation/SKILL.md
  - .agents/skills/incremental-implementation/references/definition-of-done.md
  - .agents/skills/planning-and-task-breakdown
  - .agents/skills/planning-and-task-breakdown/SKILL.md
  - .agents/skills/planning-and-task-breakdown/references/definition-of-done.md
  - .agents/skills/spec-driven-development
  - .agents/skills/spec-driven-development/SKILL.md
  - .agents/skills/test-driven-development
  - .agents/skills/test-driven-development/SKILL.md
  - .agents/skills/test-driven-development/references/testing-patterns.md
  - .claude/rules/sdd.md
  - .claude/skills/context-engineering
  - .claude/skills/context-engineering/SKILL.md
  - .claude/skills/incremental-implementation
  - .claude/skills/incremental-implementation/SKILL.md
  - .claude/skills/incremental-implementation/references/definition-of-done.md
  - .claude/skills/planning-and-task-breakdown
  - .claude/skills/planning-and-task-breakdown/SKILL.md
  - .claude/skills/planning-and-task-breakdown/references/definition-of-done.md
  - .claude/skills/spec-driven-development
  - .claude/skills/spec-driven-development/SKILL.md
  - .claude/skills/test-driven-development
  - .claude/skills/test-driven-development/SKILL.md
  - .claude/skills/test-driven-development/references/testing-patterns.md
  - .github/instructions/sdd.instructions.md
  deployed_file_hashes:
    .agents/skills/context-engineering/SKILL.md: sha256:ff9d4e5706bdd2eb7de1bfed569f1f42d28e478979ce6fcc32e617e7861b491d
    .agents/skills/incremental-implementation/SKILL.md: sha256:960f2ed08ccdd51527c347d29d2d00c80edb9992e95d67030d8a289ba04eed4e
    .agents/skills/incremental-implementation/references/definition-of-done.md: sha256:d1c75d2ae65d2c7a9cd01f93fa8de63e00e75f2fe5d08be224d576157054dcee
    .agents/skills/planning-and-task-breakdown/SKILL.md: sha256:8cc33dc8d2020328521bb858912ca79e6de47457c7b32c621ca3859ede220cc1
    .agents/skills/planning-and-task-breakdown/references/definition-of-done.md: sha256:d1c75d2ae65d2c7a9cd01f93fa8de63e00e75f2fe5d08be224d576157054dcee
    .agents/skills/spec-driven-development/SKILL.md: sha256:5711c1ab140488b300cff785ba585967f1025cc65e5a26b5028a612e9354276c
    .agents/skills/test-driven-development/SKILL.md: sha256:6c60e193d77a6c52eb3d9a7ca774f1801b9f798ec34f075720e0425a8094f50e
    .agents/skills/test-driven-development/references/testing-patterns.md: sha256:2502c02eee60a9e97f4256b318cdf2f1e22b045b78c6d9713fcb926b9dfc025e
    .claude/rules/sdd.md: sha256:8833f03f73d72c82cba6e87605c505051f0951f12dd5c1d54ee8cd0163f647ac
    .claude/skills/context-engineering/SKILL.md: sha256:ff9d4e5706bdd2eb7de1bfed569f1f42d28e478979ce6fcc32e617e7861b491d
    .claude/skills/incremental-implementation/SKILL.md: sha256:960f2ed08ccdd51527c347d29d2d00c80edb9992e95d67030d8a289ba04eed4e
    .claude/skills/incremental-implementation/references/definition-of-done.md: sha256:d1c75d2ae65d2c7a9cd01f93fa8de63e00e75f2fe5d08be224d576157054dcee
    .claude/skills/planning-and-task-breakdown/SKILL.md: sha256:8cc33dc8d2020328521bb858912ca79e6de47457c7b32c621ca3859ede220cc1
    .claude/skills/planning-and-task-breakdown/references/definition-of-done.md: sha256:d1c75d2ae65d2c7a9cd01f93fa8de63e00e75f2fe5d08be224d576157054dcee
    .claude/skills/spec-driven-development/SKILL.md: sha256:5711c1ab140488b300cff785ba585967f1025cc65e5a26b5028a612e9354276c
    .claude/skills/test-driven-development/SKILL.md: sha256:6c60e193d77a6c52eb3d9a7ca774f1801b9f798ec34f075720e0425a8094f50e
    .claude/skills/test-driven-development/references/testing-patterns.md: sha256:2502c02eee60a9e97f4256b318cdf2f1e22b045b78c6d9713fcb926b9dfc025e
    .github/instructions/sdd.instructions.md: sha256:f62a941ff7d99b5ce5975b4202e46210a71347250810805fe13b4c26cf0597b8
  source: local
  local_path: ./packages/sdd
  is_dev: true
- repo_url: rlespinasse/agent-skills
  name: agent-skills
  host: github.com
  resolved_commit: 256aaa884f25b6fc4e5ff3ef3e18570ef75dad5a
  version: unknown
  virtual_path: skills/pin-github-actions
  is_virtual: true
  package_type: claude_skill
  deployed_files:
  - .agents/skills/pin-github-actions
  - .agents/skills/pin-github-actions/SKILL.md
  - .agents/skills/pin-github-actions/evals/evals.json
  - .claude/skills/pin-github-actions
  - .claude/skills/pin-github-actions/SKILL.md
  - .claude/skills/pin-github-actions/evals/evals.json
  deployed_file_hashes:
    .agents/skills/pin-github-actions/SKILL.md: sha256:751f9e47a1160fa8c4f9297a2f43b7376b63d4c2247573a75f935314914b1e63
    .agents/skills/pin-github-actions/evals/evals.json: sha256:9a0a75f2eac092b7852242c59f4e5cacb68fe31031a4dee7ab953a448a09db52
    .claude/skills/pin-github-actions/SKILL.md: sha256:751f9e47a1160fa8c4f9297a2f43b7376b63d4c2247573a75f935314914b1e63
    .claude/skills/pin-github-actions/evals/evals.json: sha256:9a0a75f2eac092b7852242c59f4e5cacb68fe31031a4dee7ab953a448a09db52
  content_hash: sha256:ed7f13fb32cebfdbf6fc39a472a3f889f9dcef6d18eb8c9377d7f1248a00ccd3
