lockfile_version: '1'
generated_at: '2026-07-27T10:15:07.832665+00:00'
apm_version: 0.26.0
dependencies:
- repo_url: rlespinasse/agent-skills
  name: pin-github-actions
  host: github.com
  resolved_commit: 4ed5f247ffc8bd1f813e8ecc54cc961b6006615e
  version: unknown
  virtual_path: skills/pin-github-actions
  is_virtual: true
  package_type: claude_skill
  deployed_files:
  - .agents/skills/pin-github-actions
  - .agents/skills/pin-github-actions/SKILL.md
  - .agents/skills/pin-github-actions/evals/evals.json
  - .claude/skills/pin-github-actions
  - .claude/skills/pin-github-actions/SKILL.md
  - .claude/skills/pin-github-actions/evals/evals.json
  deployed_file_hashes:
    .agents/skills/pin-github-actions/SKILL.md: sha256:751f9e47a1160fa8c4f9297a2f43b7376b63d4c2247573a75f935314914b1e63
    .agents/skills/pin-github-actions/evals/evals.json: sha256:9a0a75f2eac092b7852242c59f4e5cacb68fe31031a4dee7ab953a448a09db52
    .claude/skills/pin-github-actions/SKILL.md: sha256:751f9e47a1160fa8c4f9297a2f43b7376b63d4c2247573a75f935314914b1e63
    .claude/skills/pin-github-actions/evals/evals.json: sha256:9a0a75f2eac092b7852242c59f4e5cacb68fe31031a4dee7ab953a448a09db52
  content_hash: sha256:ed7f13fb32cebfdbf6fc39a472a3f889f9dcef6d18eb8c9377d7f1248a00ccd3
deployments:
- kind: project-relative
  target: claude
  value: .claude/skills/pin-github-actions
  runtime: null
  scope: project
  owners:
  - rlespinasse/agent-skills/skills/pin-github-actions
  active_owner: rlespinasse/agent-skills/skills/pin-github-actions
  content_hash: null
- kind: project-relative
  target: claude
  value: .claude/skills/pin-github-actions/SKILL.md
  runtime: null
  scope: project
  owners:
  - rlespinasse/agent-skills/skills/pin-github-actions
  active_owner: rlespinasse/agent-skills/skills/pin-github-actions
  content_hash: sha256:751f9e47a1160fa8c4f9297a2f43b7376b63d4c2247573a75f935314914b1e63
- kind: project-relative
  target: claude
  value: .claude/skills/pin-github-actions/evals/evals.json
  runtime: null
  scope: project
  owners:
  - rlespinasse/agent-skills/skills/pin-github-actions
  active_owner: rlespinasse/agent-skills/skills/pin-github-actions
  content_hash: sha256:9a0a75f2eac092b7852242c59f4e5cacb68fe31031a4dee7ab953a448a09db52
- kind: project-relative
  target: copilot
  value: .agents/skills/pin-github-actions
  runtime: null
  scope: project
  owners:
  - rlespinasse/agent-skills/skills/pin-github-actions
  active_owner: rlespinasse/agent-skills/skills/pin-github-actions
  content_hash: null
- kind: project-relative
  target: copilot
  value: .agents/skills/pin-github-actions/SKILL.md
  runtime: null
  scope: project
  owners:
  - rlespinasse/agent-skills/skills/pin-github-actions
  active_owner: rlespinasse/agent-skills/skills/pin-github-actions
  content_hash: sha256:751f9e47a1160fa8c4f9297a2f43b7376b63d4c2247573a75f935314914b1e63
- kind: project-relative
  target: copilot
  value: .agents/skills/pin-github-actions/evals/evals.json
  runtime: null
  scope: project
  owners:
  - rlespinasse/agent-skills/skills/pin-github-actions
  active_owner: rlespinasse/agent-skills/skills/pin-github-actions
  content_hash: sha256:9a0a75f2eac092b7852242c59f4e5cacb68fe31031a4dee7ab953a448a09db52
