lockfile_version: '1'
generated_at: '2026-07-05T10:06:56.692298+00:00'
apm_version: 0.23.1
dependencies: []
local_deployed_files:
- .agents/skills/context-engineering
- .agents/skills/context-engineering/SKILL.md
- .agents/skills/incremental-implementation
- .agents/skills/incremental-implementation/SKILL.md
- .agents/skills/incremental-implementation/references/definition-of-done.md
- .agents/skills/planning-and-task-breakdown
- .agents/skills/planning-and-task-breakdown/SKILL.md
- .agents/skills/planning-and-task-breakdown/references/definition-of-done.md
- .agents/skills/spec-driven-development
- .agents/skills/spec-driven-development/SKILL.md
- .agents/skills/test-driven-development
- .agents/skills/test-driven-development/SKILL.md
- .agents/skills/test-driven-development/references/testing-patterns.md
- .claude/rules/sdd.md
- .claude/skills/context-engineering
- .claude/skills/context-engineering/SKILL.md
- .claude/skills/incremental-implementation
- .claude/skills/incremental-implementation/SKILL.md
- .claude/skills/incremental-implementation/references/definition-of-done.md
- .claude/skills/planning-and-task-breakdown
- .claude/skills/planning-and-task-breakdown/SKILL.md
- .claude/skills/planning-and-task-breakdown/references/definition-of-done.md
- .claude/skills/spec-driven-development
- .claude/skills/spec-driven-development/SKILL.md
- .claude/skills/test-driven-development
- .claude/skills/test-driven-development/SKILL.md
- .claude/skills/test-driven-development/references/testing-patterns.md
- .github/instructions/sdd.instructions.md
local_deployed_file_hashes:
  .agents/skills/context-engineering/SKILL.md: sha256:ff9d4e5706bdd2eb7de1bfed569f1f42d28e478979ce6fcc32e617e7861b491d
  .agents/skills/incremental-implementation/SKILL.md: sha256:960f2ed08ccdd51527c347d29d2d00c80edb9992e95d67030d8a289ba04eed4e
  .agents/skills/incremental-implementation/references/definition-of-done.md: sha256:d1c75d2ae65d2c7a9cd01f93fa8de63e00e75f2fe5d08be224d576157054dcee
  .agents/skills/planning-and-task-breakdown/SKILL.md: sha256:8cc33dc8d2020328521bb858912ca79e6de47457c7b32c621ca3859ede220cc1
  .agents/skills/planning-and-task-breakdown/references/definition-of-done.md: sha256:d1c75d2ae65d2c7a9cd01f93fa8de63e00e75f2fe5d08be224d576157054dcee
  .agents/skills/spec-driven-development/SKILL.md: sha256:5711c1ab140488b300cff785ba585967f1025cc65e5a26b5028a612e9354276c
  .agents/skills/test-driven-development/SKILL.md: sha256:6c60e193d77a6c52eb3d9a7ca774f1801b9f798ec34f075720e0425a8094f50e
  .agents/skills/test-driven-development/references/testing-patterns.md: sha256:2502c02eee60a9e97f4256b318cdf2f1e22b045b78c6d9713fcb926b9dfc025e
  .claude/rules/sdd.md: sha256:8833f03f73d72c82cba6e87605c505051f0951f12dd5c1d54ee8cd0163f647ac
  .claude/skills/context-engineering/SKILL.md: sha256:ff9d4e5706bdd2eb7de1bfed569f1f42d28e478979ce6fcc32e617e7861b491d
  .claude/skills/incremental-implementation/SKILL.md: sha256:960f2ed08ccdd51527c347d29d2d00c80edb9992e95d67030d8a289ba04eed4e
  .claude/skills/incremental-implementation/references/definition-of-done.md: sha256:d1c75d2ae65d2c7a9cd01f93fa8de63e00e75f2fe5d08be224d576157054dcee
  .claude/skills/planning-and-task-breakdown/SKILL.md: sha256:8cc33dc8d2020328521bb858912ca79e6de47457c7b32c621ca3859ede220cc1
  .claude/skills/planning-and-task-breakdown/references/definition-of-done.md: sha256:d1c75d2ae65d2c7a9cd01f93fa8de63e00e75f2fe5d08be224d576157054dcee
  .claude/skills/spec-driven-development/SKILL.md: sha256:5711c1ab140488b300cff785ba585967f1025cc65e5a26b5028a612e9354276c
  .claude/skills/test-driven-development/SKILL.md: sha256:6c60e193d77a6c52eb3d9a7ca774f1801b9f798ec34f075720e0425a8094f50e
  .claude/skills/test-driven-development/references/testing-patterns.md: sha256:2502c02eee60a9e97f4256b318cdf2f1e22b045b78c6d9713fcb926b9dfc025e
  .github/instructions/sdd.instructions.md: sha256:f62a941ff7d99b5ce5975b4202e46210a71347250810805fe13b4c26cf0597b8
