lockfile_version: '1'
generated_at: '2026-07-11T08:46:05.589897+00:00'
dependencies: []
deployments:
- kind: project-relative
  target: claude
  value: .claude/rules/comment-style.md
  runtime: null
  scope: project
  owners:
  - .
  active_owner: .
  content_hash: sha256:1594640dd2805b016fe8448bdb179ac5b05a02d99d9bd76efd8a833f967dc88d
- kind: project-relative
  target: claude
  value: .claude/rules/git-signing.md
  runtime: null
  scope: project
  owners:
  - .
  active_owner: .
  content_hash: sha256:fc8132c0fc15dfa0b86376a5abe992651d7e72cc5ad6d8397d4e7e2f2b6b9b3b
- kind: project-relative
  target: copilot
  value: .github/instructions/comment-style.instructions.md
  runtime: null
  scope: project
  owners:
  - .
  active_owner: .
  content_hash: sha256:08ee5dadc282f07c61841681c52b9e49c7218797777e340f106a314371adf210
- kind: project-relative
  target: copilot
  value: .github/instructions/git-signing.instructions.md
  runtime: null
  scope: project
  owners:
  - .
  active_owner: .
  content_hash: sha256:ef767f181fa14f65bc226d64d82b09f2343a1020ad1f8238b09faaf5712849a5
local_deployed_files:
- .claude/rules/comment-style.md
- .claude/rules/git-signing.md
- .github/instructions/comment-style.instructions.md
- .github/instructions/git-signing.instructions.md
local_deployed_file_hashes:
  .claude/rules/comment-style.md: sha256:1594640dd2805b016fe8448bdb179ac5b05a02d99d9bd76efd8a833f967dc88d
  .claude/rules/git-signing.md: sha256:fc8132c0fc15dfa0b86376a5abe992651d7e72cc5ad6d8397d4e7e2f2b6b9b3b
  .github/instructions/comment-style.instructions.md: sha256:08ee5dadc282f07c61841681c52b9e49c7218797777e340f106a314371adf210
  .github/instructions/git-signing.instructions.md: sha256:ef767f181fa14f65bc226d64d82b09f2343a1020ad1f8238b09faaf5712849a5
