lockfile_version: '1'
generated_at: '2026-07-23T07:14:40.098404+00:00'
dependencies: []
deployments:
- kind: project-relative
  target: claude
  value: .claude/hooks/rules-on-create/rules_on_create.py
  runtime: null
  scope: project
  owners:
  - .
  active_owner: .
  content_hash: sha256:9b6de3f22ed185c83894c61c61968002f09f4868456a54b005df4fd7467de860
- kind: project-relative
  target: claude
  value: .claude/hooks/rules-on-create/rules_on_create_match.py
  runtime: null
  scope: project
  owners:
  - .
  active_owner: .
  content_hash: sha256:24a82ccf8c40cc9b821c9a0b70523987e9fe7e5681acc8a1379770ec14b19eba
- kind: project-relative
  target: copilot
  value: .github/hooks/rules-on-create-rules-on-create.json
  runtime: null
  scope: project
  owners:
  - .
  active_owner: .
  content_hash: sha256:ab63deedc1d9cf0a4180a0871e46a1b0f6feba9fdff27e45a9f6803ed5914a7d
- kind: project-relative
  target: copilot
  value: .github/hooks/scripts/rules-on-create/rules_on_create.py
  runtime: null
  scope: project
  owners:
  - .
  active_owner: .
  content_hash: sha256:9b6de3f22ed185c83894c61c61968002f09f4868456a54b005df4fd7467de860
- kind: project-relative
  target: copilot
  value: .github/hooks/scripts/rules-on-create/rules_on_create_match.py
  runtime: null
  scope: project
  owners:
  - .
  active_owner: .
  content_hash: sha256:24a82ccf8c40cc9b821c9a0b70523987e9fe7e5681acc8a1379770ec14b19eba
local_deployed_files:
- .claude/hooks/rules-on-create/rules_on_create.py
- .claude/hooks/rules-on-create/rules_on_create_match.py
- .github/hooks/rules-on-create-rules-on-create.json
- .github/hooks/scripts/rules-on-create/rules_on_create.py
- .github/hooks/scripts/rules-on-create/rules_on_create_match.py
local_deployed_file_hashes:
  .claude/hooks/rules-on-create/rules_on_create.py: sha256:9b6de3f22ed185c83894c61c61968002f09f4868456a54b005df4fd7467de860
  .claude/hooks/rules-on-create/rules_on_create_match.py: sha256:24a82ccf8c40cc9b821c9a0b70523987e9fe7e5681acc8a1379770ec14b19eba
  .github/hooks/rules-on-create-rules-on-create.json: sha256:ab63deedc1d9cf0a4180a0871e46a1b0f6feba9fdff27e45a9f6803ed5914a7d
  .github/hooks/scripts/rules-on-create/rules_on_create.py: sha256:9b6de3f22ed185c83894c61c61968002f09f4868456a54b005df4fd7467de860
  .github/hooks/scripts/rules-on-create/rules_on_create_match.py: sha256:24a82ccf8c40cc9b821c9a0b70523987e9fe7e5681acc8a1379770ec14b19eba
