lockfile_version: '1'
generated_at: '2026-09-22T14:57:09.385285+00:00'
dependencies: []
deployments:
- kind: project-relative
  target: claude
  value: .claude/hooks/rtk/rtk-hook-io.sh
  runtime: null
  scope: project
  owners:
  - .
  active_owner: .
  content_hash: sha256:d5dc790b2ed2a170c6f1471bc712506dfdcc22850047cffe6aaaea8acebeda81
- kind: project-relative
  target: claude
  value: .claude/hooks/rtk/rtk-hook-wrapper.sh
  runtime: null
  scope: project
  owners:
  - .
  active_owner: .
  content_hash: sha256:c242117588e8b73fe34b345b9b1657683579996bc146220e5548a283e08544a1
- kind: project-relative
  target: claude
  value: .claude/hooks/rtk/rtk-rewrite-extra.sh
  runtime: null
  scope: project
  owners:
  - .
  active_owner: .
  content_hash: sha256:def7f28383f4aea41b8c03feabfb6c9f435977db1fc4815370da965e39c7ffcf
- kind: project-relative
  target: claude
  value: .claude/hooks/rtk/rtk-shim-gate.sh
  runtime: null
  scope: project
  owners:
  - .
  active_owner: .
  content_hash: sha256:32e27c5f93c632b921fbe41296c61796489611998785a98ed26044ba3fc1b0bc
- kind: project-relative
  target: claude
  value: .claude/hooks/rtk/rtk-shim-install.sh
  runtime: null
  scope: project
  owners:
  - .
  active_owner: .
  content_hash: sha256:52e68430b666be9807fed15a953f3e4289b41544b9fbea19bce9eb7be2640a90
- kind: project-relative
  target: claude
  value: .claude/rules/rtk-awareness.md
  runtime: null
  scope: project
  owners:
  - .
  active_owner: .
  content_hash: sha256:207cd7bd1b4ce7c8bb947347e8717fcc5b9becfa876c750762b5bb13d0f1d4f2
- kind: project-relative
  target: copilot
  value: .github/hooks/rtk-rtk-hook.json
  runtime: null
  scope: project
  owners:
  - .
  active_owner: .
  content_hash: sha256:3c8dae42eca7e04c87842201cfa35533f3521b608a1c6f9d07539285ec0701cb
- kind: project-relative
  target: copilot
  value: .github/hooks/rtk-rtk-rewrite-extra.json
  runtime: null
  scope: project
  owners:
  - .
  active_owner: .
  content_hash: sha256:6699a821c7df8528461be7328a03c69a6ceb9d6bf6e03cc3f073d31847da1331
- kind: project-relative
  target: copilot
  value: .github/hooks/rtk-rtk-shim-gate.json
  runtime: null
  scope: project
  owners:
  - .
  active_owner: .
  content_hash: sha256:50b4277cb37f23f8be01205e4954f6946c98268649ee73f3913e0e0724893d77
- kind: project-relative
  target: copilot
  value: .github/hooks/rtk-rtk-shim-install.json
  runtime: null
  scope: project
  owners:
  - .
  active_owner: .
  content_hash: sha256:e7e278fbdd95608fd4e725587dbec13f5b4b8efd461f9ca8a51ff4d9f2e7a8a5
- kind: project-relative
  target: copilot
  value: .github/hooks/scripts/rtk/rtk-hook-io.sh
  runtime: null
  scope: project
  owners:
  - .
  active_owner: .
  content_hash: sha256:d5dc790b2ed2a170c6f1471bc712506dfdcc22850047cffe6aaaea8acebeda81
- kind: project-relative
  target: copilot
  value: .github/hooks/scripts/rtk/rtk-hook-wrapper.sh
  runtime: null
  scope: project
  owners:
  - .
  active_owner: .
  content_hash: sha256:c242117588e8b73fe34b345b9b1657683579996bc146220e5548a283e08544a1
- kind: project-relative
  target: copilot
  value: .github/hooks/scripts/rtk/rtk-rewrite-extra.sh
  runtime: null
  scope: project
  owners:
  - .
  active_owner: .
  content_hash: sha256:def7f28383f4aea41b8c03feabfb6c9f435977db1fc4815370da965e39c7ffcf
- kind: project-relative
  target: copilot
  value: .github/hooks/scripts/rtk/rtk-shim-gate.sh
  runtime: null
  scope: project
  owners:
  - .
  active_owner: .
  content_hash: sha256:32e27c5f93c632b921fbe41296c61796489611998785a98ed26044ba3fc1b0bc
- kind: project-relative
  target: copilot
  value: .github/hooks/scripts/rtk/rtk-shim-install.sh
  runtime: null
  scope: project
  owners:
  - .
  active_owner: .
  content_hash: sha256:52e68430b666be9807fed15a953f3e4289b41544b9fbea19bce9eb7be2640a90
- kind: project-relative
  target: copilot
  value: .github/instructions/rtk-awareness.instructions.md
  runtime: null
  scope: project
  owners:
  - .
  active_owner: .
  content_hash: sha256:336d596bfee5d494b2d5f4e0667942840ee14443b7476d6e66bc14e1b023c9f5
local_deployed_files:
- .claude/hooks/rtk/rtk-hook-io.sh
- .claude/hooks/rtk/rtk-hook-wrapper.sh
- .claude/hooks/rtk/rtk-rewrite-extra.sh
- .claude/hooks/rtk/rtk-shim-gate.sh
- .claude/hooks/rtk/rtk-shim-install.sh
- .claude/rules/rtk-awareness.md
- .github/hooks/rtk-rtk-hook.json
- .github/hooks/rtk-rtk-rewrite-extra.json
- .github/hooks/rtk-rtk-shim-gate.json
- .github/hooks/rtk-rtk-shim-install.json
- .github/hooks/scripts/rtk/rtk-hook-io.sh
- .github/hooks/scripts/rtk/rtk-hook-wrapper.sh
- .github/hooks/scripts/rtk/rtk-rewrite-extra.sh
- .github/hooks/scripts/rtk/rtk-shim-gate.sh
- .github/hooks/scripts/rtk/rtk-shim-install.sh
- .github/instructions/rtk-awareness.instructions.md
local_deployed_file_hashes:
  .claude/hooks/rtk/rtk-hook-io.sh: sha256:d5dc790b2ed2a170c6f1471bc712506dfdcc22850047cffe6aaaea8acebeda81
  .claude/hooks/rtk/rtk-hook-wrapper.sh: sha256:c242117588e8b73fe34b345b9b1657683579996bc146220e5548a283e08544a1
  .claude/hooks/rtk/rtk-rewrite-extra.sh: sha256:def7f28383f4aea41b8c03feabfb6c9f435977db1fc4815370da965e39c7ffcf
  .claude/hooks/rtk/rtk-shim-gate.sh: sha256:32e27c5f93c632b921fbe41296c61796489611998785a98ed26044ba3fc1b0bc
  .claude/hooks/rtk/rtk-shim-install.sh: sha256:52e68430b666be9807fed15a953f3e4289b41544b9fbea19bce9eb7be2640a90
  .claude/rules/rtk-awareness.md: sha256:207cd7bd1b4ce7c8bb947347e8717fcc5b9becfa876c750762b5bb13d0f1d4f2
  .github/hooks/rtk-rtk-hook.json: sha256:3c8dae42eca7e04c87842201cfa35533f3521b608a1c6f9d07539285ec0701cb
  .github/hooks/rtk-rtk-rewrite-extra.json: sha256:6699a821c7df8528461be7328a03c69a6ceb9d6bf6e03cc3f073d31847da1331
  .github/hooks/rtk-rtk-shim-gate.json: sha256:50b4277cb37f23f8be01205e4954f6946c98268649ee73f3913e0e0724893d77
  .github/hooks/rtk-rtk-shim-install.json: sha256:e7e278fbdd95608fd4e725587dbec13f5b4b8efd461f9ca8a51ff4d9f2e7a8a5
  .github/hooks/scripts/rtk/rtk-hook-io.sh: sha256:d5dc790b2ed2a170c6f1471bc712506dfdcc22850047cffe6aaaea8acebeda81
  .github/hooks/scripts/rtk/rtk-hook-wrapper.sh: sha256:c242117588e8b73fe34b345b9b1657683579996bc146220e5548a283e08544a1
  .github/hooks/scripts/rtk/rtk-rewrite-extra.sh: sha256:def7f28383f4aea41b8c03feabfb6c9f435977db1fc4815370da965e39c7ffcf
  .github/hooks/scripts/rtk/rtk-shim-gate.sh: sha256:32e27c5f93c632b921fbe41296c61796489611998785a98ed26044ba3fc1b0bc
  .github/hooks/scripts/rtk/rtk-shim-install.sh: sha256:52e68430b666be9807fed15a953f3e4289b41544b9fbea19bce9eb7be2640a90
  .github/instructions/rtk-awareness.instructions.md: sha256:336d596bfee5d494b2d5f4e0667942840ee14443b7476d6e66bc14e1b023c9f5
